{
  "name": "plugin-registry",
  "version": "1.0.0",
  "lockfileVersion": 3,
  "requires": true,
  "packages": {
    "": {
      "name": "plugin-registry",
      "version": "1.0.0",
      "license": "MIT",
      "devDependencies": {
        "ajv-cli": "^5.0.0",
        "jsonlint": "^1.6.3"
      },
      "engines": {
        "node": ">=16.0.0"
      }
    }
  }
}